
Microsoft Visual Studio Solution File, Format Version 12.00
# Visual Studio Version 17
VisualStudioVersion = 17.1.32228.430
MinimumVisualStudioVersion = 10.0.40219.1
Project("{FAE04EC0-301F-11D3-BF4B-00C04F79EFBC}") = "WebApplication55", "WebApplication55\WebApplication55.csproj", "{DC568549-0045-4C92-8A11-0E73A6249B83}"
EndProject
Global
	GlobalSection(SolutionConfigurationPlatforms) = preSolution
		Debug|Any CPU = Debug|Any CPU
		Release|Any CPU = Release|Any CPU
	EndGlobalSection
	GlobalSection(ProjectConfigurationPlatforms) = postSolution
		{DC568549-0045-4C92-8A11-0E73A6249B83}.Debug|Any CPU.ActiveCfg = Debug|Any CPU
		{DC568549-0045-4C92-8A11-0E73A6249B83}.Debug|Any CPU.Build.0 = Debug|Any CPU
		{DC568549-0045-4C92-8A11-0E73A6249B83}.Release|Any CPU.ActiveCfg = Release|Any CPU
		{DC568549-0045-4C92-8A11-0E73A6249B83}.Release|Any CPU.Build.0 = Release|Any CPU
	EndGlobalSection
	GlobalSection(SolutionProperties) = preSolution
		HideSolutionNode = FALSE
	EndGlobalSection
	GlobalSection(ExtensibilityGlobals) = postSolution
		SolutionGuid = {0DF16214-4EBB-410E-B2A0-B8F0726C59BC}
	EndGlobalSection
EndGlobal
